// !$*UTF8*$!
{
	archiveVersion = 1;
	classes = {
	};
	objectVersion = 50;
	objects = {

/* Begin PBXBuildFile section */
		78DEC63D24C2975A001CD759 /* AppDelegate.m in Sources */ = {isa = PBXBuildFile; fileRef = 78DEC63C24C2975A001CD759 /* AppDelegate.m */; };
		78DEC64024C2975A001CD759 /* SceneDelegate.m in Sources */ = {isa = PBXBuildFile; fileRef = 78DEC63F24C2975A001CD759 /* SceneDelegate.m */; };
		78DEC64324C2975A001CD759 /* ViewController.m in Sources */ = {isa = PBXBuildFile; fileRef = 78DEC64224C2975A001CD759 /* ViewController.m */; };
		78DEC64624C2975A001CD759 /* Main.storyboard in Resources */ = {isa = PBXBuildFile; fileRef = 78DEC64424C2975A001CD759 /* Main.storyboard */; };
		78DEC64824C2975C001CD759 /* Assets.xcassets in Resources */ = {isa = PBXBuildFile; fileRef = 78DEC64724C2975C001CD759 /* Assets.xcassets */; };
		78DEC64B24C2975C001CD759 /* LaunchScreen.storyboard in Resources */ = {isa = PBXBuildFile; fileRef = 78DEC64924C2975C001CD759 /* LaunchScreen.storyboard */; };
		78DEC64E24C2975C001CD759 /* main.m in Sources */ = {isa = PBXBuildFile; fileRef = 78DEC64D24C2975C001CD759 /* main.m */; };
/* End PBXBuildFile section */

/* Begin PBXFileReference section */
		78DEC63824C2975A001CD759 /* nonARC.app */ = {isa = PBXFileReference; explicitFileType = wrapper.application; includeInIndex = 0; path = nonARC.app; sourceTree = BUILT_PRODUCTS_DIR; };
		78DEC63B24C2975A001CD759 /* AppDelegate.h */ = {isa = PBXFileReference; lastKnownFileType = sourcecode.c.h; path = AppDelegate.h; sourceTree = "<group>"; };
		78DEC63C24C2975A001CD759 /* AppDelegate.m */ = {isa = PBXFileReference; lastKnownFileType = sourcecode.c.objc; path = AppDelegate.m; sourceTree = "<group>"; };
		78DEC63E24C2975A001CD759 /* SceneDelegate.h */ = {isa = PBXFileReference; lastKnownFileType = sourcecode.c.h; path = SceneDelegate.h; sourceTree = "<group>"; };
		78DEC63F24C2975A001CD759 /* SceneDelegate.m */ = {isa = PBXFileReference; lastKnownFileType = sourcecode.c.objc; path = SceneDelegate.m; sourceTree = "<group>"; };
		78DEC64124C2975A001CD759 /* ViewController.h */ = {isa = PBXFileReference; lastKnownFileType = sourcecode.c.h; path = ViewController.h; sourceTree = "<group>"; };
		78DEC64224C2975A001CD759 /* ViewController.m */ = {isa = PBXFileReference; lastKnownFileType = sourcecode.c.objc; path = ViewController.m; sourceTree = "<group>"; };
		78DEC64524C2975A001CD759 /* Base */ = {isa = PBXFileReference; lastKnownFileType = file.storyboard; name = Base; path = Base.lproj/Main.storyboard; sourceTree = "<group>"; };
		78DEC64724C2975C001CD759 /* Assets.xcassets */ = {isa = PBXFileReference; lastKnownFileType = folder.assetcatalog; path = Assets.xcassets; sourceTree = "<group>"; };
		78DEC64A24C2975C001CD759 /* Base */ = {isa = PBXFileReference; lastKnownFileType = file.storyboard; name = Base; path = Base.lproj/LaunchScreen.storyboard; sourceTree = "<group>"; };
		78DEC64C24C2975C001CD759 /* Info.plist */ = {isa = PBXFileReference; lastKnownFileType = text.plist.xml; path = Info.plist; sourceTree = "<group>"; };
		78DEC64D24C2975C001CD759 /* main.m */ = {isa = PBXFileReference; lastKnownFileType = sourcecode.c.objc; path = main.m; sourceTree = "<group>"; };
/* End PBXFileReference section */

/* Begin PBXFrameworksBuildPhase section */
		78DEC63524C2975A001CD759 /* Frameworks */ = {
			isa = PBXFrameworksBuildPhase;
			buildActionMask = 2147483647;
			files = (
			);
			runOnlyForDeploymentPostprocessing = 0;
		};
/* End PBXFrameworksBuildPhase section */

/* Begin PBXGroup section */
		78DEC62F24C2975A001CD759 = {
			isa = PBXGroup;
			children = (
				78DEC63A24C2975A001CD759 /* nonARC */,
				78DEC63924C2975A001CD759 /* Products */,
			);
			sourceTree = "<group>";
		};
		78DEC63924C2975A001CD759 /* Products */ = {
			isa = PBXGroup;
			children = (
				78DEC63824C2975A001CD759 /* nonARC.app */,
			);
			name = Products;
			sourceTree = "<group>";
		};
		78DEC63A24C2975A001CD759 /* nonARC */ = {
			isa = PBXGroup;
			children = (
				78DEC63B24C2975A001CD759 /* AppDelegate.h */,
				78DEC63C24C2975A001CD759 /* AppDelegate.m */,
				78DEC63E24C2975A001CD759 /* SceneDelegate.h */,
				78DEC63F24C2975A001CD759 /* SceneDelegate.m */,
				78DEC64124C2975A001CD759 /* ViewController.h */,
				78DEC64224C2975A001CD759 /* ViewController.m */,
				78DEC64424C2975A001CD759 /* Main.storyboard */,
				78DEC64724C2975C001CD759 /* Assets.xcassets */,
				78DEC64924C2975C001CD759 /* LaunchScreen.storyboard */,
				78DEC64C24C2975C001CD759 /* Info.plist */,
				78DEC64D24C2975C001CD759 /* main.m */,
			);
			path = nonARC;
			sourceTree = "<group>";
		};
/* End PBXGroup section */

/* Begin PBXNativeTarget section */
		78DEC63724C2975A001CD759 /* nonARC */ = {
			isa = PBXNativeTarget;
			buildConfigurationList = 78DEC65124C2975C001CD759 /* Build configuration list for PBXNativeTarget "nonARC" */;
			buildPhases = (
				78DEC63424C2975A001CD759 /* Sources */,
				78DEC63524C2975A001CD759 /* Frameworks */,
				78DEC63624C2975A001CD759 /* Resources */,
			);
			buildRules = (
			);
			dependencies = (
			);
			name = nonARC;
			productName = nonARC;
			productReference = 78DEC63824C2975A001CD759 /* nonARC.app */;
			productType = "com.apple.product-type.application";
		};
/* End PBXNativeTarget section */

/* Begin PBXProject section */
		78DEC63024C2975A001CD759 /* Project object */ = {
			isa = PBXProject;
			attributes = {
				LastUpgradeCheck = 1150;
				ORGANIZATIONNAME = hanwe;
				TargetAttributes = {
					78DEC63724C2975A001CD759 = {
						CreatedOnToolsVersion = 11.5;
					};
				};
			};
			buildConfigurationList = 78DEC63324C2975A001CD759 /* Build configuration list for PBXProject "nonARC" */;
			compatibilityVersion = "Xcode 9.3";
			developmentRegion = en;
			hasScannedForEncodings = 0;
			knownRegions = (
				en,
				Base,
			);
			mainGroup = 78DEC62F24C2975A001CD759;
			productRefGroup = 78DEC63924C2975A001CD759 /* Products */;
			projectDirPath = "";
			projectRoot = "";
			targets = (
				78DEC63724C2975A001CD759 /* nonARC */,
			);
		};
/* End PBXProject section */

/* Begin PBXResourcesBuildPhase section */
		78DEC63624C2975A001CD759 /* Resources */ = {
			isa = PBXResourcesBuildPhase;
			buildActionMask = 2147483647;
			files = (
				78DEC64B24C2975C001CD759 /* LaunchScreen.storyboard in Resources */,
				78DEC64824C2975C001CD759 /* Assets.xcassets in Resources */,
				78DEC64624C2975A001CD759 /* Main.storyboard in Resources */,
			);
			runOnlyForDeploymentPostprocessing = 0;
		};
/* End PBXResourcesBuildPhase section */

/* Begin PBXSourcesBuildPhase section */
		78DEC63424C2975A001CD759 /* Sources */ = {
			isa = PBXSourcesBuildPhase;
			buildActionMask = 2147483647;
			files = (
				78DEC64324C2975A001CD759 /* ViewController.m in Sources */,
				78DEC63D24C2975A001CD759 /* AppDelegate.m in Sources */,
				78DEC64E24C2975C001CD759 /* main.m in Sources */,
				78DEC64024C2975A001CD759 /* SceneDelegate.m in Sources */,
			);
			runOnlyForDeploymentPostprocessing = 0;
		};
/* End PBXSourcesBuildPhase section */

/* Begin PBXVariantGroup section */
		78DEC64424C2975A001CD759 /* Main.storyboard */ = {
			isa = PBXVariantGroup;
			children = (
				78DEC64524C2975A001CD759 /* Base */,
			);
			name = Main.storyboard;
			sourceTree = "<group>";
		};
		78DEC64924C2975C001CD759 /* LaunchScreen.storyboard */ = {
			isa = PBXVariantGroup;
			children = (
				78DEC64A24C2975C001CD759 /* Base */,
			);
			name = LaunchScreen.storyboard;
			sourceTree = "<group>";
		};
/* End PBXVariantGroup section */

/* Begin XCBuildConfiguration section */
		78DEC64F24C2975C001CD759 /* Debug */ = {
			isa = XCBuildConfiguration;
			buildSettings = {
				ALWAYS_SEARCH_USER_PATHS = NO;
				CLANG_ANALYZER_NONNULL = YES;
				CLANG_ANALYZER_NUMBER_OBJECT_CONVERSION = YES_AGGRESSIVE;
				CLANG_CXX_LANGUAGE_STANDARD = "gnu++14";
				CLANG_CXX_LIBRARY = "libc++";
				CLANG_ENABLE_MODULES = YES;
				CLANG_ENABLE_OBJC_ARC = YES;
				CLANG_ENABLE_OBJC_WEAK = YES;
				CLANG_WARN_BLOCK_CAPTURE_AUTORELEASING = YES;
				CLANG_WARN_BOOL_CONVERSION = YES;
				CLANG_WARN_COMMA = YES;
				CLANG_WARN_CONSTANT_CONVERSION = YES;
				CLANG_WARN_DEPRECATED_OBJC_IMPLEMENTATIONS = YES;
				CLANG_WARN_DIRECT_OBJC_ISA_USAGE = YES_ERROR;
				CLANG_WARN_DOCUMENTATION_COMMENTS = YES;
				CLANG_WARN_EMPTY_BODY = YES;
				CLANG_WARN_ENUM_CONVERSION = YES;
				CLANG_WARN_INFINITE_RECURSION = YES;
				CLANG_WARN_INT_CONVERSION = YES;
				CLANG_WARN_NON_LITERAL_NULL_CONVERSION = YES;
				CLANG_WARN_OBJC_IMPLICIT_RETAIN_SELF = YES;
				CLANG_WARN_OBJC_LITERAL_CONVERSION = YES;
				CLANG_WARN_OBJC_ROOT_CLASS = YES_ERROR;
				CLANG_WARN_RANGE_LOOP_ANALYSIS = YES;
				CLANG_WARN_STRICT_PROTOTYPES = YES;
				CLANG_WARN_SUSPICIOUS_MOVE = YES;
				CLANG_WARN_UNGUARDED_AVAILABILITY = YES_AGGRESSIVE;
				CLANG_WARN_UNREACHABLE_CODE = YES;
				CLANG_WARN__DUPLICATE_METHOD_MATCH = YES;
				COPY_PHASE_STRIP = NO;
				DEBUG_INFORMATION_FORMAT = dwarf;
				ENABLE_STRICT_OBJC_MSGSEND = YES;
				ENABLE_TESTABILITY = YES;
				GCC_C_LANGUAGE_STANDARD = gnu11;
				GCC_DYNAMIC_NO_PIC = NO;
				GCC_NO_COMMON_BLOCKS = YES;
				GCC_OPTIMIZATION_LEVEL = 0;
				GCC_PREPROCESSOR_DEFINITIONS = (
					"DEBUG=1",
					"$(inherited)",
				);
				GCC_WARN_64_TO_32_BIT_CONVERSION = YES;
				GCC_WARN_ABOUT_RETURN_TYPE = YES_ERROR;
				GCC_WARN_UNDECLARED_SELECTOR = YES;
				GCC_WARN_UNINITIALIZED_AUTOS = YES_AGGRESSIVE;
				GCC_WARN_UNUSED_FUNCTION = YES;
				GCC_WARN_UNUSED_VARIABLE = YES;
				IPHONEOS_DEPLOYMENT_TARGET = 13.5;
				MTL_ENABLE_DEBUG_INFO = INCLUDE_SOURCE;
				MTL_FAST_MATH = YES;
				ONLY_ACTIVE_ARCH = YES;
				SDKROOT = iphoneos;
			};
			name = Debug;
		};
		78DEC65024C2975C001CD759 /* Release */ = {
			isa = XCBuildConfiguration;
			buildSettings = {
				ALWAYS_SEARCH_USER_PATHS = NO;
				CLANG_ANALYZER_NONNULL = YES;
				CLANG_ANALYZER_NUMBER_OBJECT_CONVERSION = YES_AGGRESSIVE;
				CLANG_CXX_LANGUAGE_STANDARD = "gnu++14";
				CLANG_CXX_LIBRARY = "libc++";
				CLANG_ENABLE_MODULES = YES;
				CLANG_ENABLE_OBJC_ARC = YES;
				CLANG_ENABLE_OBJC_WEAK = YES;
				CLANG_WARN_BLOCK_CAPTURE_AUTORELEASING = YES;
				CLANG_WARN_BOOL_CONVERSION = YES;
				CLANG_WARN_COMMA = YES;
				CLANG_WARN_CONSTANT_CONVERSION = YES;
				CLANG_WARN_DEPRECATED_OBJC_IMPLEMENTATIONS = YES;
				CLANG_WARN_DIRECT_OBJC_ISA_USAGE = YES_ERROR;
				CLANG_WARN_DOCUMENTATION_COMMENTS = YES;
				CLANG_WARN_EMPTY_BODY = YES;
				CLANG_WARN_ENUM_CONVERSION = YES;
				CLANG_WARN_INFINITE_RECURSION = YES;
				CLANG_WARN_INT_CONVERSION = YES;
				CLANG_WARN_NON_LITERAL_NULL_CONVERSION = YES;
				CLANG_WARN_OBJC_IMPLICIT_RETAIN_SELF = YES;
				CLANG_WARN_OBJC_LITERAL_CONVERSION = YES;
				CLANG_WARN_OBJC_ROOT_CLASS = YES_ERROR;
				CLANG_WARN_RANGE_LOOP_ANALYSIS = YES;
				CLANG_WARN_STRICT_PROTOTYPES = YES;
				CLANG_WARN_SUSPICIOUS_MOVE = YES;
				CLANG_WARN_UNGUARDED_AVAILABILITY = YES_AGGRESSIVE;
				CLANG_WARN_UNREACHABLE_CODE = YES;
				CLANG_WARN__DUPLICATE_METHOD_MATCH = YES;
				COPY_PHASE_STRIP = NO;
				DEBUG_INFORMATION_FORMAT = "dwarf-with-dsym";
				ENABLE_NS_ASSERTIONS = NO;
				ENABLE_STRICT_OBJC_MSGSEND = YES;
				GCC_C_LANGUAGE_STANDARD = gnu11;
				GCC_NO_COMMON_BLOCKS = YES;
				GCC_WARN_64_TO_32_BIT_CONVERSION = YES;
				GCC_WARN_ABOUT_RETURN_TYPE = YES_ERROR;
				GCC_WARN_UNDECLARED_SELECTOR = YES;
				GCC_WARN_UNINITIALIZED_AUTOS = YES_AGGRESSIVE;
				GCC_WARN_UNUSED_FUNCTION = YES;
				GCC_WARN_UNUSED_VARIABLE = YES;
				IPHONEOS_DEPLOYMENT_TARGET = 13.5;
				MTL_ENABLE_DEBUG_INFO = NO;
				MTL_FAST_MATH = YES;
				SDKROOT = iphoneos;
				VALIDATE_PRODUCT = YES;
			};
			name = Release;
		};
		78DEC65224C2975C001CD759 /* Debug */ = {
			isa = XCBuildConfiguration;
			buildSettings = {
				ASSETCATALOG_COMPILER_APPICON_NAME = AppIcon;
				CLANG_ENABLE_OBJC_ARC = NO;
				CODE_SIGN_STYLE = Automatic;
				DEVELOPMENT_TEAM = P4ZJYAK634;
				INFOPLIST_FILE = nonARC/Info.plist;
				LD_RUNPATH_SEARCH_PATHS = (
					"$(inherited)",
					"@executable_path/Frameworks",
				);
				PRODUCT_BUNDLE_IDENTIFIER = com.hanwe.nonARC;
				PRODUCT_NAME = "$(TARGET_NAME)";
				TARGETED_DEVICE_FAMILY = "1,2";
			};
			name = Debug;
		};
		78DEC65324C2975C001CD759 /* Release */ = {
			isa = XCBuildConfiguration;
			buildSettings = {
				ASSETCATALOG_COMPILER_APPICON_NAME = AppIcon;
				CLANG_ENABLE_OBJC_ARC = NO;
				CODE_SIGN_STYLE = Automatic;
				DEVELOPMENT_TEAM = P4ZJYAK634;
				INFOPLIST_FILE = nonARC/Info.plist;
				LD_RUNPATH_SEARCH_PATHS = (
					"$(inherited)",
					"@executable_path/Frameworks",
				);
				PRODUCT_BUNDLE_IDENTIFIER = com.hanwe.nonARC;
				PRODUCT_NAME = "$(TARGET_NAME)";
				TARGETED_DEVICE_FAMILY = "1,2";
			};
			name = Release;
		};
/* End XCBuildConfiguration section */

/* Begin XCConfigurationList section */
		78DEC63324C2975A001CD759 /* Build configuration list for PBXProject "nonARC" */ = {
			isa = XCConfigurationList;
			buildConfigurations = (
				78DEC64F24C2975C001CD759 /* Debug */,
				78DEC65024C2975C001CD759 /* Release */,
			);
			defaultConfigurationIsVisible = 0;
			defaultConfigurationName = Release;
		};
		78DEC65124C2975C001CD759 /* Build configuration list for PBXNativeTarget "nonARC" */ = {
			isa = XCConfigurationList;
			buildConfigurations = (
				78DEC65224C2975C001CD759 /* Debug */,
				78DEC65324C2975C001CD759 /* Release */,
			);
			defaultConfigurationIsVisible = 0;
			defaultConfigurationName = Release;
		};
/* End XCConfigurationList section */
	};
	rootObject = 78DEC63024C2975A001CD759 /* Project object */;
}
